<?xml version="1.0" encoding="utf-8"?>
<Project ToolsVersion="4.0" xmlns="http://schemas.microsoft.com/developer/msbuild/2003">
  <ItemGroup>
    <Filter Include="WTEngine">
      <UniqueIdentifier>{E65423B1-D221-7EBC-FB3A-6C64E766B34A}</UniqueIdentifier>
    </Filter>
    <Filter Include="WTEngine\Events">
      <UniqueIdentifier>{0AC23754-764D-A518-7F5E-280DEB680119}</UniqueIdentifier>
    </Filter>
  </ItemGroup>
  <ItemGroup>
    <ClInclude Include="src\WTEngine.h" />
    <ClInclude Include="src\WTEngine\Application.h">
      <Filter>WTEngine</Filter>
    </ClInclude>
    <ClInclude Include="src\WTEngine\Core.h">
      <Filter>WTEngine</Filter>
    </ClInclude>
    <ClInclude Include="src\WTEngine\EntryPoint.h">
      <Filter>WTEngine</Filter>
    </ClInclude>
    <ClInclude Include="src\WTEngine\Events\ApplicationEvent.h">
      <Filter>WTEngine\Events</Filter>
    </ClInclude>
    <ClInclude Include="src\WTEngine\Events\Event.h">
      <Filter>WTEngine\Events</Filter>
    </ClInclude>
    <ClInclude Include="src\WTEngine\Events\KeyEvent.h">
      <Filter>WTEngine\Events</Filter>
    </ClInclude>
    <ClInclude Include="src\WTEngine\Events\MouseEvent.h">
      <Filter>WTEngine\Events</Filter>
    </ClInclude>
    <ClInclude Include="src\WTEngine\Log.h">
      <Filter>WTEngine</Filter>
    </ClInclude>
    <ClInclude Include="src\wtfpch.h" />
    <ClInclude Include="src\WTEngine\Window.h" />
    <ClInclude Include="src\Platform\Windows\WindowsWindow.h" />
  </ItemGroup>
  <ItemGroup>
    <ClCompile Include="src\WTEngine\Application.cpp">
      <Filter>WTEngine</Filter>
    </ClCompile>
    <ClCompile Include="src\WTEngine\Log.cpp">
      <Filter>WTEngine</Filter>
    </ClCompile>
    <ClCompile Include="src\wtfpch.cpp" />
    <ClCompile Include="src\Platform\Windows\WindowsWindow.cpp" />
  </ItemGroup>
</Project>